
Microsoft Visual Studio Solution File, Format Version 12.00
# Visual Studio 15
Project("{FAE04EC0-301F-11D3-BF4B-00C04F79EFBC}") = "MenubarMusic", "MenubarMusic\MenubarMusic.csproj", "{9F58DF9E-F98F-4B43-BD40-A67CECE58FE6}"
EndProject
Global
	GlobalSection(SolutionConfigurationPlatforms) = preSolution
		Debug|Any CPU = Debug|Any CPU
		Release|Any CPU = Release|Any CPU
	EndGlobalSection
	GlobalSection(ProjectConfigurationPlatforms) = postSolution
		{9F58DF9E-F98F-4B43-BD40-A67CECE58FE6}.Debug|Any CPU.ActiveCfg = Debug|Any CPU
		{9F58DF9E-F98F-4B43-BD40-A67CECE58FE6}.Debug|Any CPU.Build.0 = Debug|Any CPU
		{9F58DF9E-F98F-4B43-BD40-A67CECE58FE6}.Release|Any CPU.ActiveCfg = Release|Any CPU
		{9F58DF9E-F98F-4B43-BD40-A67CECE58FE6}.Release|Any CPU.Build.0 = Release|Any CPU
	EndGlobalSection
EndGlobal
